
Microsoft Visual Studio Solution File, Format Version 12.00
# Visual Studio 2012
Project("{FAE04EC0-301F-11D3-BF4B-00C04F79EFBC}") = "Source Engine x86 Games Launcher", "Source Engine x86 Games Launcher\Source Engine x86 Games Launcher.csproj", "{71C52B1B-6FEF-4E9A-AE3A-C5F8A6EB2EEB}"
EndProject
Global
	GlobalSection(SolutionConfigurationPlatforms) = preSolution
		Debug|Any CPU = Debug|Any CPU
		Release|Any CPU = Release|Any CPU
	EndGlobalSection
	GlobalSection(ProjectConfigurationPlatforms) = postSolution
		{71C52B1B-6FEF-4E9A-AE3A-C5F8A6EB2EEB}.Debug|Any CPU.ActiveCfg = Debug|Any CPU
		{71C52B1B-6FEF-4E9A-AE3A-C5F8A6EB2EEB}.Debug|Any CPU.Build.0 = Debug|Any CPU
		{71C52B1B-6FEF-4E9A-AE3A-C5F8A6EB2EEB}.Release|Any CPU.ActiveCfg = Release|Any CPU
		{71C52B1B-6FEF-4E9A-AE3A-C5F8A6EB2EEB}.Release|Any CPU.Build.0 = Release|Any CPU
	EndGlobalSection
	GlobalSection(SolutionProperties) = preSolution
		HideSolutionNode = FALSE
	EndGlobalSection
EndGlobal
